
Microsoft Visual Studio Solution File, Format Version 12.00
# Visual Studio Version 16
VisualStudioVersion = 16.0.30907.101
MinimumVisualStudioVersion = 10.0.40219.1
Project("{FAE04EC0-301F-11D3-BF4B-00C04F79EFBC}") = "EnlighterRemote", "EnlighterRemote\EnlighterRemote.csproj", "{536C07E8-B91C-4637-B5B3-3A21099FC1D0}"
EndProject
Project("{FAE04EC0-301F-11D3-BF4B-00C04F79EFBC}") = "EnlighterReceiver", "EnlighterReceiver\EnlighterReceiver.csproj", "{AE2431F5-C729-4ACE-ABAA-07BB4E27CA1D}"
EndProject
Global
	GlobalSection(SolutionConfigurationPlatforms) = preSolution
		Debug|Any CPU = Debug|Any CPU
		Release|Any CPU = Release|Any CPU
	EndGlobalSection
	GlobalSection(ProjectConfigurationPlatforms) = postSolution
		{536C07E8-B91C-4637-B5B3-3A21099FC1D0}.Debug|Any CPU.ActiveCfg = Debug|Any CPU
		{536C07E8-B91C-4637-B5B3-3A21099FC1D0}.Debug|Any CPU.Build.0 = Debug|Any CPU
		{536C07E8-B91C-4637-B5B3-3A21099FC1D0}.Release|Any CPU.ActiveCfg = Release|Any CPU
		{536C07E8-B91C-4637-B5B3-3A21099FC1D0}.Release|Any CPU.Build.0 = Release|Any CPU
		{AE2431F5-C729-4ACE-ABAA-07BB4E27CA1D}.Debug|Any CPU.ActiveCfg = Debug|Any CPU
		{AE2431F5-C729-4ACE-ABAA-07BB4E27CA1D}.Debug|Any CPU.Build.0 = Debug|Any CPU
		{AE2431F5-C729-4ACE-ABAA-07BB4E27CA1D}.Release|Any CPU.ActiveCfg = Release|Any CPU
		{AE2431F5-C729-4ACE-ABAA-07BB4E27CA1D}.Release|Any CPU.Build.0 = Release|Any CPU
	EndGlobalSection
	GlobalSection(SolutionProperties) = preSolution
		HideSolutionNode = FALSE
	EndGlobalSection
	GlobalSection(ExtensibilityGlobals) = postSolution
		SolutionGuid = {284FA639-FC21-4008-AF44-E0406F00B20F}
	EndGlobalSection
EndGlobal
